
Microsoft Visual Studio Solution File, Format Version 12.00
# Visual Studio Version 16
VisualStudioVersion = 16.0.30114.105
MinimumVisualStudioVersion = 10.0.40219.1
Project("{FAE04EC0-301F-11D3-BF4B-00C04F79EFBC}") = "Treino.Repository", "Treino.Repository\Treino.Repository.csproj", "{C0B06940-0F61-4CCE-B86E-86B010F82554}"
EndProject
Project("{FAE04EC0-301F-11D3-BF4B-00C04F79EFBC}") = "Treino.Domain", "Treino.Domain\Treino.Domain.csproj", "{E3B0F986-6887-4A02-8648-5499C1B7C790}"
EndProject
Project("{FAE04EC0-301F-11D3-BF4B-00C04F79EFBC}") = "Treino.Api", "Treino.Api\Treino.Api.csproj", "{E5B4A1FA-AABB-496B-9523-4DC6780BC824}"
EndProject
Global
	GlobalSection(SolutionConfigurationPlatforms) = preSolution
		Debug|Any CPU = Debug|Any CPU
		Debug|x64 = Debug|x64
		Debug|x86 = Debug|x86
		Release|Any CPU = Release|Any CPU
		Release|x64 = Release|x64
		Release|x86 = Release|x86
	EndGlobalSection
	GlobalSection(SolutionProperties) = preSolution
		HideSolutionNode = FALSE
	EndGlobalSection
	GlobalSection(ProjectConfigurationPlatforms) = postSolution
		{C0B06940-0F61-4CCE-B86E-86B010F82554}.Debug|Any CPU.ActiveCfg = Debug|Any CPU
		{C0B06940-0F61-4CCE-B86E-86B010F82554}.Debug|Any CPU.Build.0 = Debug|Any CPU
		{C0B06940-0F61-4CCE-B86E-86B010F82554}.Debug|x64.ActiveCfg = Debug|Any CPU
		{C0B06940-0F61-4CCE-B86E-86B010F82554}.Debug|x64.Build.0 = Debug|Any CPU
		{C0B06940-0F61-4CCE-B86E-86B010F82554}.Debug|x86.ActiveCfg = Debug|Any CPU
		{C0B06940-0F61-4CCE-B86E-86B010F82554}.Debug|x86.Build.0 = Debug|Any CPU
		{C0B06940-0F61-4CCE-B86E-86B010F82554}.Release|Any CPU.ActiveCfg = Release|Any CPU
		{C0B06940-0F61-4CCE-B86E-86B010F82554}.Release|Any CPU.Build.0 = Release|Any CPU
		{C0B06940-0F61-4CCE-B86E-86B010F82554}.Release|x64.ActiveCfg = Release|Any CPU
		{C0B06940-0F61-4CCE-B86E-86B010F82554}.Release|x64.Build.0 = Release|Any CPU
		{C0B06940-0F61-4CCE-B86E-86B010F82554}.Release|x86.ActiveCfg = Release|Any CPU
		{C0B06940-0F61-4CCE-B86E-86B010F82554}.Release|x86.Build.0 = Release|Any CPU
		{E3B0F986-6887-4A02-8648-5499C1B7C790}.Debug|Any CPU.ActiveCfg = Debug|Any CPU
		{E3B0F986-6887-4A02-8648-5499C1B7C790}.Debug|Any CPU.Build.0 = Debug|Any CPU
		{E3B0F986-6887-4A02-8648-5499C1B7C790}.Debug|x64.ActiveCfg = Debug|Any CPU
		{E3B0F986-6887-4A02-8648-5499C1B7C790}.Debug|x64.Build.0 = Debug|Any CPU
		{E3B0F986-6887-4A02-8648-5499C1B7C790}.Debug|x86.ActiveCfg = Debug|Any CPU
		{E3B0F986-6887-4A02-8648-5499C1B7C790}.Debug|x86.Build.0 = Debug|Any CPU
		{E3B0F986-6887-4A02-8648-5499C1B7C790}.Release|Any CPU.ActiveCfg = Release|Any CPU
		{E3B0F986-6887-4A02-8648-5499C1B7C790}.Release|Any CPU.Build.0 = Release|Any CPU
		{E3B0F986-6887-4A02-8648-5499C1B7C790}.Release|x64.ActiveCfg = Release|Any CPU
		{E3B0F986-6887-4A02-8648-5499C1B7C790}.Release|x64.Build.0 = Release|Any CPU
		{E3B0F986-6887-4A02-8648-5499C1B7C790}.Release|x86.ActiveCfg = Release|Any CPU
		{E3B0F986-6887-4A02-8648-5499C1B7C790}.Release|x86.Build.0 = Release|Any CPU
		{E5B4A1FA-AABB-496B-9523-4DC6780BC824}.Debug|Any CPU.ActiveCfg = Debug|Any CPU
		{E5B4A1FA-AABB-496B-9523-4DC6780BC824}.Debug|Any CPU.Build.0 = Debug|Any CPU
		{E5B4A1FA-AABB-496B-9523-4DC6780BC824}.Debug|x64.ActiveCfg = Debug|Any CPU
		{E5B4A1FA-AABB-496B-9523-4DC6780BC824}.Debug|x64.Build.0 = Debug|Any CPU
		{E5B4A1FA-AABB-496B-9523-4DC6780BC824}.Debug|x86.ActiveCfg = Debug|Any CPU
		{E5B4A1FA-AABB-496B-9523-4DC6780BC824}.Debug|x86.Build.0 = Debug|Any CPU
		{E5B4A1FA-AABB-496B-9523-4DC6780BC824}.Release|Any CPU.ActiveCfg = Release|Any CPU
		{E5B4A1FA-AABB-496B-9523-4DC6780BC824}.Release|Any CPU.Build.0 = Release|Any CPU
		{E5B4A1FA-AABB-496B-9523-4DC6780BC824}.Release|x64.ActiveCfg = Release|Any CPU
		{E5B4A1FA-AABB-496B-9523-4DC6780BC824}.Release|x64.Build.0 = Release|Any CPU
		{E5B4A1FA-AABB-496B-9523-4DC6780BC824}.Release|x86.ActiveCfg = Release|Any CPU
		{E5B4A1FA-AABB-496B-9523-4DC6780BC824}.Release|x86.Build.0 = Release|Any CPU
	EndGlobalSection
EndGlobal
